// !$*UTF8*$!
{
	archiveVersion = 1;
	classes = {
	};
	objectVersion = 48;
	objects = {

/* Begin PBXBuildFile section */
		AC0935322079363D000C69A7 /* DataItem.swift in Sources */ = {isa = PBXBuildFile; fileRef = AC0935312079363D000C69A7 /* DataItem.swift */; };
		AC2C01D6207BB00E00B79456 /* ProgressHUD.bundle in Resources */ = {isa = PBXBuildFile; fileRef = AC2C01D3207BB00D00B79456 /* ProgressHUD.bundle */; };
		AC2C01D7207BB00E00B79456 /* ProgressHUD.m in Sources */ = {isa = PBXBuildFile; fileRef = AC2C01D5207BB00E00B79456 /* ProgressHUD.m */; };
		AC2C01DB207BEE8700B79456 /* EditItem.swift in Sources */ = {isa = PBXBuildFile; fileRef = AC2C01DA207BEE8700B79456 /* EditItem.swift */; };
		AC3E2A93205AFB33000751ED /* ListItems.swift in Sources */ = {isa = PBXBuildFile; fileRef = AC3E2A92205AFB33000751ED /* ListItems.swift */; };
		ACB81C80204EEA6900F6F40B /* CurrencyListTableViewController.swift in Sources */ = {isa = PBXBuildFile; fileRef = ACB81C7F204EEA6900F6F40B /* CurrencyListTableViewController.swift */; };
		ACB81C82204EEF9E00F6F40B /* AddCurrency.swift in Sources */ = {isa = PBXBuildFile; fileRef = ACB81C81204EEF9E00F6F40B /* AddCurrency.swift */; };
		ACBDA6C72052F2B80062C640 /* Categories+CoreDataClass.swift in Sources */ = {isa = PBXBuildFile; fileRef = ACBDA6C12052F2B80062C640 /* Categories+CoreDataClass.swift */; };
		ACBDA6C82052F2B80062C640 /* Categories+CoreDataProperties.swift in Sources */ = {isa = PBXBuildFile; fileRef = ACBDA6C22052F2B80062C640 /* Categories+CoreDataProperties.swift */; };
		ACBDA6C92052F2B80062C640 /* Currency+CoreDataClass.swift in Sources */ = {isa = PBXBuildFile; fileRef = ACBDA6C32052F2B80062C640 /* Currency+CoreDataClass.swift */; };
		ACBDA6CA2052F2B80062C640 /* Currency+CoreDataProperties.swift in Sources */ = {isa = PBXBuildFile; fileRef = ACBDA6C42052F2B80062C640 /* Currency+CoreDataProperties.swift */; };
		ACBDA6CB2052F2B80062C640 /* User+CoreDataClass.swift in Sources */ = {isa = PBXBuildFile; fileRef = ACBDA6C52052F2B80062C640 /* User+CoreDataClass.swift */; };
		ACBDA6CC2052F2B80062C640 /* User+CoreDataProperties.swift in Sources */ = {isa = PBXBuildFile; fileRef = ACBDA6C62052F2B80062C640 /* User+CoreDataProperties.swift */; };
		ACBDA6CE2052F48F0062C640 /* AddUser.swift in Sources */ = {isa = PBXBuildFile; fileRef = ACBDA6CD2052F48F0062C640 /* AddUser.swift */; };
		ACBDA6D02053F0C10062C640 /* LogIn.swift in Sources */ = {isa = PBXBuildFile; fileRef = ACBDA6CF2053F0C10062C640 /* LogIn.swift */; };
		ACBDA6D2205417E80062C640 /* editProfile.swift in Sources */ = {isa = PBXBuildFile; fileRef = ACBDA6D1205417E80062C640 /* editProfile.swift */; };
		ACCE166E205992EE009104EF /* Item.swift in Sources */ = {isa = PBXBuildFile; fileRef = ACCE166D205992EE009104EF /* Item.swift */; };
		ACCE6B44204DC5F500F1CBEB /* AppDelegate.swift in Sources */ = {isa = PBXBuildFile; fileRef = ACCE6B43204DC5F500F1CBEB /* AppDelegate.swift */; };
		ACCE6B49204DC5F500F1CBEB /* Main.storyboard in Resources */ = {isa = PBXBuildFile; fileRef = ACCE6B47204DC5F500F1CBEB /* Main.storyboard */; };
		ACCE6B4C204DC5F500F1CBEB /* Corechain.xcdatamodeld in Sources */ = {isa = PBXBuildFile; fileRef = ACCE6B4A204DC5F500F1CBEB /* Corechain.xcdatamodeld */; };
		ACCE6B4E204DC5F500F1CBEB /* Assets.xcassets in Resources */ = {isa = PBXBuildFile; fileRef = ACCE6B4D204DC5F500F1CBEB /* Assets.xcassets */; };
		ACCE6B51204DC5F500F1CBEB /* LaunchScreen.storyboard in Resources */ = {isa = PBXBuildFile; fileRef = ACCE6B4F204DC5F500F1CBEB /* LaunchScreen.storyboard */; };
/* End PBXBuildFile section */

/* Begin PBXFileReference section */
		AC0935312079363D000C69A7 /* DataItem.swift */ = {isa = PBXFileReference; lastKnownFileType = sourcecode.swift; path = DataItem.swift; sourceTree = "<group>"; };
		AC2C01D2207BB00C00B79456 /* Corechain-Bridging-Header.h */ = {isa = PBXFileReference; lastKnownFileType = sourcecode.c.h; path = "Corechain-Bridging-Header.h"; sourceTree = "<group>"; };
		AC2C01D3207BB00D00B79456 /* ProgressHUD.bundle */ = {isa = PBXFileReference; lastKnownFileType = "wrapper.plug-in"; path = ProgressHUD.bundle; sourceTree = "<group>"; };
		AC2C01D4207BB00E00B79456 /* ProgressHUD.h */ = {isa = PBXFileReference; fileEncoding = 4; lastKnownFileType = sourcecode.c.h; path = ProgressHUD.h; sourceTree = "<group>"; };
		AC2C01D5207BB00E00B79456 /* ProgressHUD.m */ = {isa = PBXFileReference; fileEncoding = 4; lastKnownFileType = sourcecode.c.objc; path = ProgressHUD.m; sourceTree = "<group>"; };
		AC2C01DA207BEE8700B79456 /* EditItem.swift */ = {isa = PBXFileReference; lastKnownFileType = sourcecode.swift; path = EditItem.swift; sourceTree = "<group>"; };
		AC3E2A92205AFB33000751ED /* ListItems.swift */ = {isa = PBXFileReference; lastKnownFileType = sourcecode.swift; path = ListItems.swift; sourceTree = "<group>"; };
		ACB81C7F204EEA6900F6F40B /* CurrencyListTableViewController.swift */ = {isa = PBXFileReference; lastKnownFileType = sourcecode.swift; path = CurrencyListTableViewController.swift; sourceTree = SOURCE_ROOT; };
		ACB81C81204EEF9E00F6F40B /* AddCurrency.swift */ = {isa = PBXFileReference; lastKnownFileType = sourcecode.swift; path = AddCurrency.swift; sourceTree = "<group>"; };
		ACBDA6C12052F2B80062C640 /* Categories+CoreDataClass.swift */ = {isa = PBXFileReference; lastKnownFileType = sourcecode.swift; path = "Categories+CoreDataClass.swift"; sourceTree = "<group>"; };
		ACBDA6C22052F2B80062C640 /* Categories+CoreDataProperties.swift */ = {isa = PBXFileReference; lastKnownFileType = sourcecode.swift; path = "Categories+CoreDataProperties.swift"; sourceTree = "<group>"; };
		ACBDA6C32052F2B80062C640 /* Currency+CoreDataClass.swift */ = {isa = PBXFileReference; lastKnownFileType = sourcecode.swift; path = "Currency+CoreDataClass.swift"; sourceTree = "<group>"; };
		ACBDA6C42052F2B80062C640 /* Currency+CoreDataProperties.swift */ = {isa = PBXFileReference; lastKnownFileType = sourcecode.swift; path = "Currency+CoreDataProperties.swift"; sourceTree = "<group>"; };
		ACBDA6C52052F2B80062C640 /* User+CoreDataClass.swift */ = {isa = PBXFileReference; lastKnownFileType = sourcecode.swift; path = "User+CoreDataClass.swift"; sourceTree = "<group>"; };
		ACBDA6C62052F2B80062C640 /* User+CoreDataProperties.swift */ = {isa = PBXFileReference; lastKnownFileType = sourcecode.swift; path = "User+CoreDataProperties.swift"; sourceTree = "<group>"; };
		ACBDA6CD2052F48F0062C640 /* AddUser.swift */ = {isa = PBXFileReference; lastKnownFileType = sourcecode.swift; path = AddUser.swift; sourceTree = "<group>"; };
		ACBDA6CF2053F0C10062C640 /* LogIn.swift */ = {isa = PBXFileReference; lastKnownFileType = sourcecode.swift; path = LogIn.swift; sourceTree = "<group>"; };
		ACBDA6D1205417E80062C640 /* editProfile.swift */ = {isa = PBXFileReference; lastKnownFileType = sourcecode.swift; path = editProfile.swift; sourceTree = "<group>"; };
		ACCE166D205992EE009104EF /* Item.swift */ = {isa = PBXFileReference; lastKnownFileType = sourcecode.swift; path = Item.swift; sourceTree = "<group>"; };
		ACCE6B40204DC5F400F1CBEB /* Corechain.app */ = {isa = PBXFileReference; explicitFileType = wrapper.application; includeInIndex = 0; path = Corechain.app; sourceTree = BUILT_PRODUCTS_DIR; };
		ACCE6B43204DC5F500F1CBEB /* AppDelegate.swift */ = {isa = PBXFileReference; lastKnownFileType = sourcecode.swift; path = AppDelegate.swift; sourceTree = "<group>"; };
		ACCE6B48204DC5F500F1CBEB /* Base */ = {isa = PBXFileReference; lastKnownFileType = file.storyboard; name = Base; path = Base.lproj/Main.storyboard; sourceTree = "<group>"; };
		ACCE6B4B204DC5F500F1CBEB /* Corechain.xcdatamodel */ = {isa = PBXFileReference; lastKnownFileType = wrapper.xcdatamodel; path = Corechain.xcdatamodel; sourceTree = "<group>"; };
		ACCE6B4D204DC5F500F1CBEB /* Assets.xcassets */ = {isa = PBXFileReference; lastKnownFileType = folder.assetcatalog; path = Assets.xcassets; sourceTree = "<group>"; };
		ACCE6B50204DC5F500F1CBEB /* Base */ = {isa = PBXFileReference; lastKnownFileType = file.storyboard; name = Base; path = Base.lproj/LaunchScreen.storyboard; sourceTree = "<group>"; };
		ACCE6B52204DC5F500F1CBEB /* Info.plist */ = {isa = PBXFileReference; lastKnownFileType = text.plist.xml; path = Info.plist; sourceTree = "<group>"; };
/* End PBXFileReference section */

/* Begin PBXFrameworksBuildPhase section */
		ACCE6B3D204DC5F400F1CBEB /* Frameworks */ = {
			isa = PBXFrameworksBuildPhase;
			buildActionMask = 2147483647;
			files = (
			);
			runOnlyForDeploymentPostprocessing = 0;
		};
/* End PBXFrameworksBuildPhase section */

/* Begin PBXGroup section */
		ACCE6B37204DC5F400F1CBEB = {
			isa = PBXGroup;
			children = (
				ACBDA6C12052F2B80062C640 /* Categories+CoreDataClass.swift */,
				ACBDA6C22052F2B80062C640 /* Categories+CoreDataProperties.swift */,
				ACBDA6C32052F2B80062C640 /* Currency+CoreDataClass.swift */,
				ACBDA6C42052F2B80062C640 /* Currency+CoreDataProperties.swift */,
				ACBDA6C52052F2B80062C640 /* User+CoreDataClass.swift */,
				ACBDA6C62052F2B80062C640 /* User+CoreDataProperties.swift */,
				ACCE6B42204DC5F400F1CBEB /* Corechain */,
				ACCE6B41204DC5F400F1CBEB /* Products */,
			);
			sourceTree = "<group>";
		};
		ACCE6B41204DC5F400F1CBEB /* Products */ = {
			isa = PBXGroup;
			children = (
				ACCE6B40204DC5F400F1CBEB /* Corechain.app */,
			);
			name = Products;
			sourceTree = "<group>";
		};
		ACCE6B42204DC5F400F1CBEB /* Corechain */ = {
			isa = PBXGroup;
			children = (
				ACCE6B43204DC5F500F1CBEB /* AppDelegate.swift */,
				ACBDA6CF2053F0C10062C640 /* LogIn.swift */,
				ACBDA6CD2052F48F0062C640 /* AddUser.swift */,
				ACB81C81204EEF9E00F6F40B /* AddCurrency.swift */,
				ACBDA6D1205417E80062C640 /* editProfile.swift */,
				AC3E2A92205AFB33000751ED /* ListItems.swift */,
				ACCE166D205992EE009104EF /* Item.swift */,
				AC0935312079363D000C69A7 /* DataItem.swift */,
				ACB81C7F204EEA6900F6F40B /* CurrencyListTableViewController.swift */,
				AC2C01DA207BEE8700B79456 /* EditItem.swift */,
				ACCE6B47204DC5F500F1CBEB /* Main.storyboard */,
				ACCE6B4F204DC5F500F1CBEB /* LaunchScreen.storyboard */,
				ACCE6B4D204DC5F500F1CBEB /* Assets.xcassets */,
				ACCE6B52204DC5F500F1CBEB /* Info.plist */,
				ACCE6B4A204DC5F500F1CBEB /* Corechain.xcdatamodeld */,
				AC2C01D3207BB00D00B79456 /* ProgressHUD.bundle */,
				AC2C01D4207BB00E00B79456 /* ProgressHUD.h */,
				AC2C01D5207BB00E00B79456 /* ProgressHUD.m */,
				AC2C01D2207BB00C00B79456 /* Corechain-Bridging-Header.h */,
			);
			path = Corechain;
			sourceTree = "<group>";
		};
/* End PBXGroup section */

/* Begin PBXNativeTarget section */
		ACCE6B3F204DC5F400F1CBEB /* Corechain */ = {
			isa = PBXNativeTarget;
			buildConfigurationList = ACCE6B55204DC5F500F1CBEB /* Build configuration list for PBXNativeTarget "Corechain" */;
			buildPhases = (
				ACCE6B3C204DC5F400F1CBEB /* Sources */,
				ACCE6B3D204DC5F400F1CBEB /* Frameworks */,
				ACCE6B3E204DC5F400F1CBEB /* Resources */,
			);
			buildRules = (
			);
			dependencies = (
			);
			name = Corechain;
			productName = Corechain;
			productReference = ACCE6B40204DC5F400F1CBEB /* Corechain.app */;
			productType = "com.apple.product-type.application";
		};
/* End PBXNativeTarget section */

/* Begin PBXProject section */
		ACCE6B38204DC5F400F1CBEB /* Project object */ = {
			isa = PBXProject;
			attributes = {
				LastSwiftUpdateCheck = 0920;
				LastUpgradeCheck = 0920;
				ORGANIZATIONNAME = alex.lopez;
				TargetAttributes = {
					ACCE6B3F204DC5F400F1CBEB = {
						CreatedOnToolsVersion = 9.2;
						LastSwiftMigration = 0930;
						ProvisioningStyle = Automatic;
					};
				};
			};
			buildConfigurationList = ACCE6B3B204DC5F400F1CBEB /* Build configuration list for PBXProject "Corechain" */;
			compatibilityVersion = "Xcode 8.0";
			developmentRegion = en;
			hasScannedForEncodings = 0;
			knownRegions = (
				en,
				Base,
			);
			mainGroup = ACCE6B37204DC5F400F1CBEB;
			productRefGroup = ACCE6B41204DC5F400F1CBEB /* Products */;
			projectDirPath = "";
			projectRoot = "";
			targets = (
				ACCE6B3F204DC5F400F1CBEB /* Corechain */,
			);
		};
/* End PBXProject section */

/* Begin PBXResourcesBuildPhase section */
		ACCE6B3E204DC5F400F1CBEB /* Resources */ = {
			isa = PBXResourcesBuildPhase;
			buildActionMask = 2147483647;
			files = (
				AC2C01D6207BB00E00B79456 /* ProgressHUD.bundle in Resources */,
				ACCE6B51204DC5F500F1CBEB /* LaunchScreen.storyboard in Resources */,
				ACCE6B4E204DC5F500F1CBEB /* Assets.xcassets in Resources */,
				ACCE6B49204DC5F500F1CBEB /* Main.storyboard in Resources */,
			);
			runOnlyForDeploymentPostprocessing = 0;
		};
/* End PBXResourcesBuildPhase section */

/* Begin PBXSourcesBuildPhase section */
		ACCE6B3C204DC5F400F1CBEB /* Sources */ = {
			isa = PBXSourcesBuildPhase;
			buildActionMask = 2147483647;
			files = (
				AC2C01DB207BEE8700B79456 /* EditItem.swift in Sources */,
				ACBDA6CE2052F48F0062C640 /* AddUser.swift in Sources */,
				ACBDA6C82052F2B80062C640 /* Categories+CoreDataProperties.swift in Sources */,
				AC0935322079363D000C69A7 /* DataItem.swift in Sources */,
				ACB81C82204EEF9E00F6F40B /* AddCurrency.swift in Sources */,
				ACCE6B44204DC5F500F1CBEB /* AppDelegate.swift in Sources */,
				AC2C01D7207BB00E00B79456 /* ProgressHUD.m in Sources */,
				ACCE166E205992EE009104EF /* Item.swift in Sources */,
				ACBDA6D2205417E80062C640 /* editProfile.swift in Sources */,
				ACBDA6CB2052F2B80062C640 /* User+CoreDataClass.swift in Sources */,
				ACBDA6C72052F2B80062C640 /* Categories+CoreDataClass.swift in Sources */,
				ACB81C80204EEA6900F6F40B /* CurrencyListTableViewController.swift in Sources */,
				AC3E2A93205AFB33000751ED /* ListItems.swift in Sources */,
				ACBDA6CC2052F2B80062C640 /* User+CoreDataProperties.swift in Sources */,
				ACBDA6CA2052F2B80062C640 /* Currency+CoreDataProperties.swift in Sources */,
				ACBDA6C92052F2B80062C640 /* Currency+CoreDataClass.swift in Sources */,
				ACCE6B4C204DC5F500F1CBEB /* Corechain.xcdatamodeld in Sources */,
				ACBDA6D02053F0C10062C640 /* LogIn.swift in Sources */,
			);
			runOnlyForDeploymentPostprocessing = 0;
		};
/* End PBXSourcesBuildPhase section */

/* Begin PBXVariantGroup section */
		ACCE6B47204DC5F500F1CBEB /* Main.storyboard */ = {
			isa = PBXVariantGroup;
			children = (
				ACCE6B48204DC5F500F1CBEB /* Base */,
			);
			name = Main.storyboard;
			sourceTree = "<group>";
		};
		ACCE6B4F204DC5F500F1CBEB /* LaunchScreen.storyboard */ = {
			isa = PBXVariantGroup;
			children = (
				ACCE6B50204DC5F500F1CBEB /* Base */,
			);
			name = LaunchScreen.storyboard;
			sourceTree = "<group>";
		};
/* End PBXVariantGroup section */

/* Begin XCBuildConfiguration section */
		ACCE6B53204DC5F500F1CBEB /* Debug */ = {
			isa = XCBuildConfiguration;
			buildSettings = {
				ALWAYS_SEARCH_USER_PATHS = NO;
				CLANG_ANALYZER_NONNULL = YES;
				CLANG_ANALYZER_NUMBER_OBJECT_CONVERSION = YES_AGGRESSIVE;
				CLANG_CXX_LANGUAGE_STANDARD = "gnu++14";
				CLANG_CXX_LIBRARY = "libc++";
				CLANG_ENABLE_MODULES = YES;
				CLANG_ENABLE_OBJC_ARC = YES;
				CLANG_WARN_BLOCK_CAPTURE_AUTORELEASING = YES;
				CLANG_WARN_BOOL_CONVERSION = YES;
				CLANG_WARN_COMMA = YES;
				CLANG_WARN_CONSTANT_CONVERSION = YES;
				CLANG_WARN_DIRECT_OBJC_ISA_USAGE = YES_ERROR;
				CLANG_WARN_DOCUMENTATION_COMMENTS = YES;
				CLANG_WARN_EMPTY_BODY = YES;
				CLANG_WARN_ENUM_CONVERSION = YES;
				CLANG_WARN_INFINITE_RECURSION = YES;
				CLANG_WARN_INT_CONVERSION = YES;
				CLANG_WARN_NON_LITERAL_NULL_CONVERSION = YES;
				CLANG_WARN_OBJC_LITERAL_CONVERSION = YES;
				CLANG_WARN_OBJC_ROOT_CLASS = YES_ERROR;
				CLANG_WARN_RANGE_LOOP_ANALYSIS = YES;
				CLANG_WARN_STRICT_PROTOTYPES = YES;
				CLANG_WARN_SUSPICIOUS_MOVE = YES;
				CLANG_WARN_UNGUARDED_AVAILABILITY = YES_AGGRESSIVE;
				CLANG_WARN_UNREACHABLE_CODE = YES;
				CLANG_WARN__DUPLICATE_METHOD_MATCH = YES;
				CODE_SIGN_IDENTITY = "iPhone Developer";
				COPY_PHASE_STRIP = NO;
				DEBUG_INFORMATION_FORMAT = dwarf;
				ENABLE_STRICT_OBJC_MSGSEND = YES;
				ENABLE_TESTABILITY = YES;
				GCC_C_LANGUAGE_STANDARD = gnu11;
				GCC_DYNAMIC_NO_PIC = NO;
				GCC_NO_COMMON_BLOCKS = YES;
				GCC_OPTIMIZATION_LEVEL = 0;
				GCC_PREPROCESSOR_DEFINITIONS = (
					"DEBUG=1",
					"$(inherited)",
				);
				GCC_WARN_64_TO_32_BIT_CONVERSION = YES;
				GCC_WARN_ABOUT_RETURN_TYPE = YES_ERROR;
				GCC_WARN_UNDECLARED_SELECTOR = YES;
				GCC_WARN_UNINITIALIZED_AUTOS = YES_AGGRESSIVE;
				GCC_WARN_UNUSED_FUNCTION = YES;
				GCC_WARN_UNUSED_VARIABLE = YES;
				IPHONEOS_DEPLOYMENT_TARGET = 11.2;
				MTL_ENABLE_DEBUG_INFO = YES;
				ONLY_ACTIVE_ARCH = YES;
				SDKROOT = iphoneos;
				SWIFT_ACTIVE_COMPILATION_CONDITIONS = DEBUG;
				SWIFT_OPTIMIZATION_LEVEL = "-Onone";
			};
			name = Debug;
		};
		ACCE6B54204DC5F500F1CBEB /* Release */ = {
			isa = XCBuildConfiguration;
			buildSettings = {
				ALWAYS_SEARCH_USER_PATHS = NO;
				CLANG_ANALYZER_NONNULL = YES;
				CLANG_ANALYZER_NUMBER_OBJECT_CONVERSION = YES_AGGRESSIVE;
				CLANG_CXX_LANGUAGE_STANDARD = "gnu++14";
				CLANG_CXX_LIBRARY = "libc++";
				CLANG_ENABLE_MODULES = YES;
				CLANG_ENABLE_OBJC_ARC = YES;
				CLANG_WARN_BLOCK_CAPTURE_AUTORELEASING = YES;
				CLANG_WARN_BOOL_CONVERSION = YES;
				CLANG_WARN_COMMA = YES;
				CLANG_WARN_CONSTANT_CONVERSION = YES;
				CLANG_WARN_DIRECT_OBJC_ISA_USAGE = YES_ERROR;
				CLANG_WARN_DOCUMENTATION_COMMENTS = YES;
				CLANG_WARN_EMPTY_BODY = YES;
				CLANG_WARN_ENUM_CONVERSION = YES;
				CLANG_WARN_INFINITE_RECURSION = YES;
				CLANG_WARN_INT_CONVERSION = YES;
				CLANG_WARN_NON_LITERAL_NULL_CONVERSION = YES;
				CLANG_WARN_OBJC_LITERAL_CONVERSION = YES;
				CLANG_WARN_OBJC_ROOT_CLASS = YES_ERROR;
				CLANG_WARN_RANGE_LOOP_ANALYSIS = YES;
				CLANG_WARN_STRICT_PROTOTYPES = YES;
				CLANG_WARN_SUSPICIOUS_MOVE = YES;
				CLANG_WARN_UNGUARDED_AVAILABILITY = YES_AGGRESSIVE;
				CLANG_WARN_UNREACHABLE_CODE = YES;
				CLANG_WARN__DUPLICATE_METHOD_MATCH = YES;
				CODE_SIGN_IDENTITY = "iPhone Developer";
				COPY_PHASE_STRIP = NO;
				DEBUG_INFORMATION_FORMAT = "dwarf-with-dsym";
				ENABLE_NS_ASSERTIONS = NO;
				ENABLE_STRICT_OBJC_MSGSEND = YES;
				GCC_C_LANGUAGE_STANDARD = gnu11;
				GCC_NO_COMMON_BLOCKS = YES;
				GCC_WARN_64_TO_32_BIT_CONVERSION = YES;
				GCC_WARN_ABOUT_RETURN_TYPE = YES_ERROR;
				GCC_WARN_UNDECLARED_SELECTOR = YES;
				GCC_WARN_UNINITIALIZED_AUTOS = YES_AGGRESSIVE;
				GCC_WARN_UNUSED_FUNCTION = YES;
				GCC_WARN_UNUSED_VARIABLE = YES;
				IPHONEOS_DEPLOYMENT_TARGET = 11.2;
				MTL_ENABLE_DEBUG_INFO = NO;
				SDKROOT = iphoneos;
				SWIFT_OPTIMIZATION_LEVEL = "-Owholemodule";
				VALIDATE_PRODUCT = YES;
			};
			name = Release;
		};
		ACCE6B56204DC5F500F1CBEB /* Debug */ = {
			isa = XCBuildConfiguration;
			buildSettings = {
				ASSETCATALOG_COMPILER_APPICON_NAME = AppIcon;
				CLANG_ENABLE_MODULES = YES;
				CODE_SIGN_STYLE = Automatic;
				DEVELOPMENT_TEAM = LX4P693W2D;
				INFOPLIST_FILE = Corechain/Info.plist;
				LD_RUNPATH_SEARCH_PATHS = "$(inherited) @executable_path/Frameworks";
				PRODUCT_BUNDLE_IDENTIFIER = alexlopez.com.Corechain;
				PRODUCT_NAME = "$(TARGET_NAME)";
				SWIFT_OBJC_BRIDGING_HEADER = "Corechain/Corechain-Bridging-Header.h";
				SWIFT_OPTIMIZATION_LEVEL = "-Onone";
				SWIFT_VERSION = 4.0;
				TARGETED_DEVICE_FAMILY = "1,2";
			};
			name = Debug;
		};
		ACCE6B57204DC5F500F1CBEB /* Release */ = {
			isa = XCBuildConfiguration;
			buildSettings = {
				ASSETCATALOG_COMPILER_APPICON_NAME = AppIcon;
				CLANG_ENABLE_MODULES = YES;
				CODE_SIGN_STYLE = Automatic;
				DEVELOPMENT_TEAM = LX4P693W2D;
				INFOPLIST_FILE = Corechain/Info.plist;
				LD_RUNPATH_SEARCH_PATHS = "$(inherited) @executable_path/Frameworks";
				PRODUCT_BUNDLE_IDENTIFIER = alexlopez.com.Corechain;
				PRODUCT_NAME = "$(TARGET_NAME)";
				SWIFT_OBJC_BRIDGING_HEADER = "Corechain/Corechain-Bridging-Header.h";
				SWIFT_VERSION = 4.0;
				TARGETED_DEVICE_FAMILY = "1,2";
			};
			name = Release;
		};
/* End XCBuildConfiguration section */

/* Begin XCConfigurationList section */
		ACCE6B3B204DC5F400F1CBEB /* Build configuration list for PBXProject "Corechain" */ = {
			isa = XCConfigurationList;
			buildConfigurations = (
				ACCE6B53204DC5F500F1CBEB /* Debug */,
				ACCE6B54204DC5F500F1CBEB /* Release */,
			);
			defaultConfigurationIsVisible = 0;
			defaultConfigurationName = Release;
		};
		ACCE6B55204DC5F500F1CBEB /* Build configuration list for PBXNativeTarget "Corechain" */ = {
			isa = XCConfigurationList;
			buildConfigurations = (
				ACCE6B56204DC5F500F1CBEB /* Debug */,
				ACCE6B57204DC5F500F1CBEB /* Release */,
			);
			defaultConfigurationIsVisible = 0;
			defaultConfigurationName = Release;
		};
/* End XCConfigurationList section */

/* Begin XCVersionGroup section */
		ACCE6B4A204DC5F500F1CBEB /* Corechain.xcdatamodeld */ = {
			isa = XCVersionGroup;
			children = (
				ACCE6B4B204DC5F500F1CBEB /* Corechain.xcdatamodel */,
			);
			currentVersion = ACCE6B4B204DC5F500F1CBEB /* Corechain.xcdatamodel */;
			path = Corechain.xcdatamodeld;
			sourceTree = "<group>";
			versionGroupType = wrapper.xcdatamodel;
		};
/* End XCVersionGroup section */
	};
	rootObject = ACCE6B38204DC5F400F1CBEB /* Project object */;
}
